<?xml version="1.0" encoding="utf-8"?>
<Project ToolsVersion="4.0" xmlns="http://schemas.microsoft.com/developer/msbuild/2003">
  <ItemGroup>
    <Filter Include="源文件">
      <UniqueIdentifier>{4FC737F1-C7A5-4376-A066-2A32D752A2FF}</UniqueIdentifier>
      <Extensions>cpp;c;cc;cxx;c++;cppm;ixx;def;odl;idl;hpj;bat;asm;asmx</Extensions>
    </Filter>
    <Filter Include="头文件">
      <UniqueIdentifier>{93995380-89BD-4b04-88EB-625FBE52EBFB}</UniqueIdentifier>
      <Extensions>h;hh;hpp;hxx;h++;hm;inl;inc;ipp;xsd</Extensions>
    </Filter>
    <Filter Include="资源文件">
      <UniqueIdentifier>{67DA6AB6-F800-4c08-8B7A-83BB121AAD01}</UniqueIdentifier>
      <Extensions>rc;ico;cur;bmp;dlg;rc2;rct;bin;rgs;gif;jpg;jpeg;jpe;resx;tiff;tif;png;wav;mfcribbon-ms</Extensions>
    </Filter>
    <Filter Include="common">
      <UniqueIdentifier>{2e8dd853-3fe3-4e97-a6e1-b7d4a2d00d84}</UniqueIdentifier>
    </Filter>
    <Filter Include="common\net">
      <UniqueIdentifier>{59deae9e-884b-481e-a039-b604492e24ea}</UniqueIdentifier>
    </Filter>
  </ItemGroup>
  <ItemGroup>
    <ClInclude Include="remote_mfc.h">
      <Filter>头文件</Filter>
    </ClInclude>
    <ClInclude Include="remote_mfcDlg.h">
      <Filter>头文件</Filter>
    </ClInclude>
    <ClInclude Include="framework.h">
      <Filter>头文件</Filter>
    </ClInclude>
    <ClInclude Include="targetver.h">
      <Filter>头文件</Filter>
    </ClInclude>
    <ClInclude Include="Resource.h">
      <Filter>头文件</Filter>
    </ClInclude>
    <ClInclude Include="pch.h">
      <Filter>头文件</Filter>
    </ClInclude>
    <ClInclude Include="ListenersManager.h">
      <Filter>头文件</Filter>
    </ClInclude>
    <ClInclude Include="PublicStructh.h">
      <Filter>头文件</Filter>
    </ClInclude>
    <ClInclude Include="TunnelHelpServer.h">
      <Filter>头文件</Filter>
    </ClInclude>
    <ClInclude Include="common\net\LisFacto.h">
      <Filter>common\net</Filter>
    </ClInclude>
    <ClInclude Include="common\net\Listener.h">
      <Filter>common\net</Filter>
    </ClInclude>
    <ClInclude Include="common\net\cotp.h">
      <Filter>common\net</Filter>
    </ClInclude>
    <ClInclude Include="common\net\Tcplis.h">
      <Filter>common\net</Filter>
    </ClInclude>
    <ClInclude Include="common\net\Sockapi.h">
      <Filter>common\net</Filter>
    </ClInclude>
    <ClInclude Include="CreatorDialog.h">
      <Filter>头文件</Filter>
    </ClInclude>
  </ItemGroup>
  <ItemGroup>
    <ClCompile Include="remote_mfc.cpp">
      <Filter>源文件</Filter>
    </ClCompile>
    <ClCompile Include="remote_mfcDlg.cpp">
      <Filter>源文件</Filter>
    </ClCompile>
    <ClCompile Include="pch.cpp">
      <Filter>源文件</Filter>
    </ClCompile>
    <ClCompile Include="ListenersManager.cpp">
      <Filter>源文件</Filter>
    </ClCompile>
    <ClCompile Include="TunnelHelpServer.cpp">
      <Filter>源文件</Filter>
    </ClCompile>
    <ClCompile Include="common\net\LisFacto.cpp">
      <Filter>common\net</Filter>
    </ClCompile>
    <ClCompile Include="common\net\Tcplis.cpp">
      <Filter>common\net</Filter>
    </ClCompile>
    <ClCompile Include="common\net\Sockapi.cpp">
      <Filter>common\net</Filter>
    </ClCompile>
    <ClCompile Include="CreatorDialog.cpp">
      <Filter>源文件</Filter>
    </ClCompile>
    <ClCompile Include="common\net\cotp.cpp">
      <Filter>common\net</Filter>
    </ClCompile>
  </ItemGroup>
  <ItemGroup>
    <ResourceCompile Include="remotemfc.rc">
      <Filter>资源文件</Filter>
    </ResourceCompile>
  </ItemGroup>
  <ItemGroup>
    <None Include="res\remotemfc.rc2">
      <Filter>资源文件</Filter>
    </None>
  </ItemGroup>
  <ItemGroup>
    <Image Include="res\remote_mfc.ico">
      <Filter>资源文件</Filter>
    </Image>
  </ItemGroup>
</Project>